PODS:
  - AnimatedCollectionViewLayout (0.3.0)
  - CircleProgressBar (0.32)
  - JTAppleCalendar (7.0.6)
  - SWXMLHash (4.0.0)

DEPENDENCIES:
  - AnimatedCollectionViewLayout
  - CircleProgressBar (~> 0.32)
  - JTAppleCalendar (~> 7.0)
  - SWXMLHash (~> 4.0.0)

SPEC CHECKSUMS:
  AnimatedCollectionViewLayout: 504b992a4258eb39d2dd2b2b48e84b4b95860fd7
  CircleProgressBar: 3920079be5224b62b3d9ed6eeb23ac01c835b681
  JTAppleCalendar: 6a942475e33b9ad4dee0a0e14aa4c63adcf4f543
  SWXMLHash: 6bbc0bf72975a18ceda469fb7d6a886a26d81694

PODFILE CHECKSUM: 9fa43d4616330dc6ee4a53e8bc7b7892e6f295fe

COCOAPODS: 1.3.1
