// !$*UTF8*$!
{
	archiveVersion = 1;
	classes = {
	};
	objectVersion = 46;
	objects = {

/* Begin PBXBuildFile section */
		B9F6B05E1F25E69C00B695C0 /* AppDelegate.swift in Sources */ = {isa = PBXBuildFile; fileRef = B9F6B05D1F25E69C00B695C0 /* AppDelegate.swift */; };
		B9F6B0601F25E69C00B695C0 /* RootViewController.swift in Sources */ = {isa = PBXBuildFile; fileRef = B9F6B05F1F25E69C00B695C0 /* RootViewController.swift */; };
		B9F6B0621F25E69C00B695C0 /* DataViewController.swift in Sources */ = {isa = PBXBuildFile; fileRef = B9F6B0611F25E69C00B695C0 /* DataViewController.swift */; };
		B9F6B0641F25E69C00B695C0 /* ModelController.swift in Sources */ = {isa = PBXBuildFile; fileRef = B9F6B0631F25E69C00B695C0 /* ModelController.swift */; };
		B9F6B0671F25E69C00B695C0 /* Main.storyboard in Resources */ = {isa = PBXBuildFile; fileRef = B9F6B0651F25E69C00B695C0 /* Main.storyboard */; };
		B9F6B0691F25E69C00B695C0 /* Assets.xcassets in Resources */ = {isa = PBXBuildFile; fileRef = B9F6B0681F25E69C00B695C0 /* Assets.xcassets */; };
		B9F6B06C1F25E69C00B695C0 /* LaunchScreen.storyboard in Resources */ = {isa = PBXBuildFile; fileRef = B9F6B06A1F25E69C00B695C0 /* LaunchScreen.storyboard */; };
		B9F6B0771F25E69C00B695C0 /* ViksitIOSTests.swift in Sources */ = {isa = PBXBuildFile; fileRef = B9F6B0761F25E69C00B695C0 /* ViksitIOSTests.swift */; };
		B9F6B0821F25E69C00B695C0 /* ViksitIOSUITests.swift in Sources */ = {isa = PBXBuildFile; fileRef = B9F6B0811F25E69C00B695C0 /* ViksitIOSUITests.swift */; };
		BA43ED561F34B1AD000D2DB0 /* DummyVC.swift in Sources */ = {isa = PBXBuildFile; fileRef = BA43ED551F34B1AD000D2DB0 /* DummyVC.swift */; };
		BA43ED581F386E3E000D2DB0 /* CircularImage.swift in Sources */ = {isa = PBXBuildFile; fileRef = BA43ED571F386E3E000D2DB0 /* CircularImage.swift */; };
		BA43ED5A1F38843A000D2DB0 /* AccountCell.swift in Sources */ = {isa = PBXBuildFile; fileRef = BA43ED591F38843A000D2DB0 /* AccountCell.swift */; };
		BA43ED5C1F39A2F9000D2DB0 /* PresentationCell.swift in Sources */ = {isa = PBXBuildFile; fileRef = BA43ED5B1F39A2F9000D2DB0 /* PresentationCell.swift */; };
		BA63716B1F26236000D77EA9 /* Helper.swift in Sources */ = {isa = PBXBuildFile; fileRef = BA63716A1F26236000D77EA9 /* Helper.swift */; };
		BA63716E1F262A4000D77EA9 /* Welcome.storyboard in Resources */ = {isa = PBXBuildFile; fileRef = BA63716D1F262A4000D77EA9 /* Welcome.storyboard */; };
		BA6371701F262B3400D77EA9 /* GetStartedVC.swift in Sources */ = {isa = PBXBuildFile; fileRef = BA63716F1F262B3400D77EA9 /* GetStartedVC.swift */; };
		BA6371721F2640AA00D77EA9 /* LoginVC.swift in Sources */ = {isa = PBXBuildFile; fileRef = BA6371711F2640AA00D77EA9 /* LoginVC.swift */; };
		BA6371741F2640C500D77EA9 /* SignUpVC.swift in Sources */ = {isa = PBXBuildFile; fileRef = BA6371731F2640C500D77EA9 /* SignUpVC.swift */; };
		BA6371771F264A9A00D77EA9 /* CircularButton.swift in Sources */ = {isa = PBXBuildFile; fileRef = BA6371761F264A9A00D77EA9 /* CircularButton.swift */; };
		BA6371791F271BFA00D77EA9 /* ForgotPasswordVC.swift in Sources */ = {isa = PBXBuildFile; fileRef = BA6371781F271BFA00D77EA9 /* ForgotPasswordVC.swift */; };
		BA63717B1F27284700D77EA9 /* TextFieldWithPadding.swift in Sources */ = {isa = PBXBuildFile; fileRef = BA63717A1F27284700D77EA9 /* TextFieldWithPadding.swift */; };
		BA63717D1F27946B00D77EA9 /* OtpVC.swift in Sources */ = {isa = PBXBuildFile; fileRef = BA63717C1F27946B00D77EA9 /* OtpVC.swift */; };
		BA63717F1F27978600D77EA9 /* ResetPasswordVC.swift in Sources */ = {isa = PBXBuildFile; fileRef = BA63717E1F27978600D77EA9 /* ResetPasswordVC.swift */; };
		BA6371811F279CC000D77EA9 /* VerifyPhoneVC.swift in Sources */ = {isa = PBXBuildFile; fileRef = BA6371801F279CC000D77EA9 /* VerifyPhoneVC.swift */; };
		BA6371831F27A25C00D77EA9 /* BatchCodeVC.swift in Sources */ = {isa = PBXBuildFile; fileRef = BA6371821F27A25C00D77EA9 /* BatchCodeVC.swift */; };
		BA6371851F2868C400D77EA9 /* RoundedShadowedButton.swift in Sources */ = {isa = PBXBuildFile; fileRef = BA6371841F2868C400D77EA9 /* RoundedShadowedButton.swift */; };
		BA6371881F28707900D77EA9 /* PasswordChangedVC.swift in Sources */ = {isa = PBXBuildFile; fileRef = BA6371871F28707900D77EA9 /* PasswordChangedVC.swift */; };
		BA63718B1F28828400D77EA9 /* Tab.storyboard in Resources */ = {isa = PBXBuildFile; fileRef = BA63718A1F28828400D77EA9 /* Tab.storyboard */; };
		BA63718E1F2883FD00D77EA9 /* RolesVC.swift in Sources */ = {isa = PBXBuildFile; fileRef = BA63718D1F2883FD00D77EA9 /* RolesVC.swift */; };
		BA6371901F28868D00D77EA9 /* TasksVC.swift in Sources */ = {isa = PBXBuildFile; fileRef = BA63718F1F28868D00D77EA9 /* TasksVC.swift */; };
		BA6371921F2886A500D77EA9 /* CalenderVC.swift in Sources */ = {isa = PBXBuildFile; fileRef = BA6371911F2886A500D77EA9 /* CalenderVC.swift */; };
		BA6371941F288B7E00D77EA9 /* RoleTableCell.swift in Sources */ = {isa = PBXBuildFile; fileRef = BA6371931F288B7E00D77EA9 /* RoleTableCell.swift */; };
		BA6371961F28BB9B00D77EA9 /* NotificationsVC.swift in Sources */ = {isa = PBXBuildFile; fileRef = BA6371951F28BB9B00D77EA9 /* NotificationsVC.swift */; };
		BA6371981F28C1A500D77EA9 /* NotificationTableCell.swift in Sources */ = {isa = PBXBuildFile; fileRef = BA6371971F28C1A500D77EA9 /* NotificationTableCell.swift */; };
		BA63719D1F293B6000D77EA9 /* TabBarController.swift in Sources */ = {isa = PBXBuildFile; fileRef = BA63719C1F293B6000D77EA9 /* TabBarController.swift */; };
		BA690E9B1F26115500EF980F /* AllStudentRanks.swift in Sources */ = {isa = PBXBuildFile; fileRef = BA690E981F26115400EF980F /* AllStudentRanks.swift */; };
		BA690E9C1F26115500EF980F /* AssessmentReports.swift in Sources */ = {isa = PBXBuildFile; fileRef = BA690E991F26115400EF980F /* AssessmentReports.swift */; };
		BA690E9D1F26115500EF980F /* AssessmentResponse.swift in Sources */ = {isa = PBXBuildFile; fileRef = BA690E9A1F26115400EF980F /* AssessmentResponse.swift */; };
		BA690EA21F26118100EF980F /* ComplexObject.swift in Sources */ = {isa = PBXBuildFile; fileRef = BA690E9F1F26118100EF980F /* ComplexObject.swift */; };
		BA690EA31F26118100EF980F /* Courses.swift in Sources */ = {isa = PBXBuildFile; fileRef = BA690EA01F26118100EF980F /* Courses.swift */; };
		BA690EA41F26118100EF980F /* DataCache.swift in Sources */ = {isa = PBXBuildFile; fileRef = BA690EA11F26118100EF980F /* DataCache.swift */; };
		BA690EA91F26119000EF980F /* Events.swift in Sources */ = {isa = PBXBuildFile; fileRef = BA690EA51F26119000EF980F /* Events.swift */; };
		BA690EAA1F26119000EF980F /* Leaderboards.swift in Sources */ = {isa = PBXBuildFile; fileRef = BA690EA61F26119000EF980F /* Leaderboards.swift */; };
		BA690EAB1F26119000EF980F /* Lesson.swift in Sources */ = {isa = PBXBuildFile; fileRef = BA690EA71F26119000EF980F /* Lesson.swift */; };
		BA690EAC1F26119000EF980F /* Lessons.swift in Sources */ = {isa = PBXBuildFile; fileRef = BA690EA81F26119000EF980F /* Lessons.swift */; };
		BA690EB11F26119E00EF980F /* Modules.swift in Sources */ = {isa = PBXBuildFile; fileRef = BA690EAD1F26119E00EF980F /* Modules.swift */; };
		BA690EB21F26119E00EF980F /* Notifications.swift in Sources */ = {isa = PBXBuildFile; fileRef = BA690EAE1F26119E00EF980F /* Notifications.swift */; };
		BA690EB31F26119E00EF980F /* Response.swift in Sources */ = {isa = PBXBuildFile; fileRef = BA690EAF1F26119E00EF980F /* Response.swift */; };
		BA690EB41F26119E00EF980F /* SkillObjectives.swift in Sources */ = {isa = PBXBuildFile; fileRef = BA690EB01F26119E00EF980F /* SkillObjectives.swift */; };
		BA690EB91F2611AF00EF980F /* Skills.swift in Sources */ = {isa = PBXBuildFile; fileRef = BA690EB51F2611AF00EF980F /* Skills.swift */; };
		BA690EBA1F2611AF00EF980F /* SkillsReport.swift in Sources */ = {isa = PBXBuildFile; fileRef = BA690EB61F2611AF00EF980F /* SkillsReport.swift */; };
		BA690EBB1F2611AF00EF980F /* StudentProfile.swift in Sources */ = {isa = PBXBuildFile; fileRef = BA690EB71F2611AF00EF980F /* StudentProfile.swift */; };
		BA690EBC1F2611AF00EF980F /* Tasks.swift in Sources */ = {isa = PBXBuildFile; fileRef = BA690EB81F2611AF00EF980F /* Tasks.swift */; };
		BAA147BC1F2F190800D1FFFE /* CalenderTableCell.swift in Sources */ = {isa = PBXBuildFile; fileRef = BAA147BB1F2F190800D1FFFE /* CalenderTableCell.swift */; };
		BAA147CC1F31D16000D1FFFE /* Modules.storyboard in Resources */ = {isa = PBXBuildFile; fileRef = BAA147CB1F31D16000D1FFFE /* Modules.storyboard */; };
		BAA147CE1F31D18200D1FFFE /* ModulesVC.swift in Sources */ = {isa = PBXBuildFile; fileRef = BAA147CD1F31D18200D1FFFE /* ModulesVC.swift */; };
		BAA147D01F31E87F00D1FFFE /* ModuleCell.swift in Sources */ = {isa = PBXBuildFile; fileRef = BAA147CF1F31E87F00D1FFFE /* ModuleCell.swift */; };
		BAA147D21F3225D500D1FFFE /* RoleInfoVC.swift in Sources */ = {isa = PBXBuildFile; fileRef = BAA147D11F3225D500D1FFFE /* RoleInfoVC.swift */; };
		BAA147D41F334B7700D1FFFE /* LeftAlignedIconButton.swift in Sources */ = {isa = PBXBuildFile; fileRef = BAA147D31F334B7700D1FFFE /* LeftAlignedIconButton.swift */; };
		BAA147D91F33529000D1FFFE /* Profile.storyboard in Resources */ = {isa = PBXBuildFile; fileRef = BAA147D81F33529000D1FFFE /* Profile.storyboard */; };
		BAA147DD1F33627000D1FFFE /* PerformanceVC.swift in Sources */ = {isa = PBXBuildFile; fileRef = BAA147DC1F33627000D1FFFE /* PerformanceVC.swift */; };
		BAA147DF1F33628D00D1FFFE /* AccountVC.swift in Sources */ = {isa = PBXBuildFile; fileRef = BAA147DE1F33628D00D1FFFE /* AccountVC.swift */; };
		BAA147E11F33666500D1FFFE /* ProfileTBC.swift in Sources */ = {isa = PBXBuildFile; fileRef = BAA147E01F33666500D1FFFE /* ProfileTBC.swift */; };
		BAA147EB1F34985000D1FFFE /* LeaderboardVC.swift in Sources */ = {isa = PBXBuildFile; fileRef = BAA147EA1F34985000D1FFFE /* LeaderboardVC.swift */; };
		BAA147ED1F3498FB00D1FFFE /* LeaderboardCell.swift in Sources */ = {isa = PBXBuildFile; fileRef = BAA147EC1F3498FB00D1FFFE /* LeaderboardCell.swift */; };
		BAA42BA81F2B44040022C553 /* testVC.swift in Sources */ = {isa = PBXBuildFile; fileRef = BAA42BA71F2B44040022C553 /* testVC.swift */; };
		BAA42BAC1F2B700F0022C553 /* pagerViewController.swift in Sources */ = {isa = PBXBuildFile; fileRef = BAA42BAB1F2B700F0022C553 /* pagerViewController.swift */; };
		BAA42BAE1F2B878A0022C553 /* RedVC.swift in Sources */ = {isa = PBXBuildFile; fileRef = BAA42BAD1F2B878A0022C553 /* RedVC.swift */; };
		BAA42BB01F2B879A0022C553 /* BlueVC.swift in Sources */ = {isa = PBXBuildFile; fileRef = BAA42BAF1F2B879A0022C553 /* BlueVC.swift */; };
		BAA42BB21F2B87C10022C553 /* GreenVC.swift in Sources */ = {isa = PBXBuildFile; fileRef = BAA42BB11F2B87C10022C553 /* GreenVC.swift */; };
/* End PBXBuildFile section */

/* Begin PBXContainerItemProxy section */
		B9F6B0731F25E69C00B695C0 /* PBXContainerItemProxy */ = {
			isa = PBXContainerItemProxy;
			containerPortal = B9F6B0521F25E69C00B695C0 /* Project object */;
			proxyType = 1;
			remoteGlobalIDString = B9F6B0591F25E69C00B695C0;
			remoteInfo = ViksitIOS;
		};
		B9F6B07E1F25E69C00B695C0 /* PBXContainerItemProxy */ = {
			isa = PBXContainerItemProxy;
			containerPortal = B9F6B0521F25E69C00B695C0 /* Project object */;
			proxyType = 1;
			remoteGlobalIDString = B9F6B0591F25E69C00B695C0;
			remoteInfo = ViksitIOS;
		};
/* End PBXContainerItemProxy section */

/* Begin PBXFileReference section */
		B9F6B05A1F25E69C00B695C0 /* ViksitIOS.app */ = {isa = PBXFileReference; explicitFileType = wrapper.application; includeInIndex = 0; path = ViksitIOS.app; sourceTree = BUILT_PRODUCTS_DIR; };
		B9F6B05D1F25E69C00B695C0 /* AppDelegate.swift */ = {isa = PBXFileReference; lastKnownFileType = sourcecode.swift; path = AppDelegate.swift; sourceTree = "<group>"; };
		B9F6B05F1F25E69C00B695C0 /* RootViewController.swift */ = {isa = PBXFileReference; lastKnownFileType = sourcecode.swift; path = RootViewController.swift; sourceTree = "<group>"; };
		B9F6B0611F25E69C00B695C0 /* DataViewController.swift */ = {isa = PBXFileReference; lastKnownFileType = sourcecode.swift; path = DataViewController.swift; sourceTree = "<group>"; };
		B9F6B0631F25E69C00B695C0 /* ModelController.swift */ = {isa = PBXFileReference; lastKnownFileType = sourcecode.swift; path = ModelController.swift; sourceTree = "<group>"; };
		B9F6B0661F25E69C00B695C0 /* Base */ = {isa = PBXFileReference; lastKnownFileType = file.storyboard; name = Base; path = Base.lproj/Main.storyboard; sourceTree = "<group>"; };
		B9F6B0681F25E69C00B695C0 /* Assets.xcassets */ = {isa = PBXFileReference; lastKnownFileType = folder.assetcatalog; path = Assets.xcassets; sourceTree = "<group>"; };
		B9F6B06B1F25E69C00B695C0 /* Base */ = {isa = PBXFileReference; lastKnownFileType = file.storyboard; name = Base; path = Base.lproj/LaunchScreen.storyboard; sourceTree = "<group>"; };
		B9F6B06D1F25E69C00B695C0 /* Info.plist */ = {isa = PBXFileReference; lastKnownFileType = text.plist.xml; path = Info.plist; sourceTree = "<group>"; };
		B9F6B0721F25E69C00B695C0 /* ViksitIOSTests.xctest */ = {isa = PBXFileReference; explicitFileType = wrapper.cfbundle; includeInIndex = 0; path = ViksitIOSTests.xctest; sourceTree = BUILT_PRODUCTS_DIR; };
		B9F6B0761F25E69C00B695C0 /* ViksitIOSTests.swift */ = {isa = PBXFileReference; lastKnownFileType = sourcecode.swift; path = ViksitIOSTests.swift; sourceTree = "<group>"; };
		B9F6B0781F25E69C00B695C0 /* Info.plist */ = {isa = PBXFileReference; lastKnownFileType = text.plist.xml; path = Info.plist; sourceTree = "<group>"; };
		B9F6B07D1F25E69C00B695C0 /* ViksitIOSUITests.xctest */ = {isa = PBXFileReference; explicitFileType = wrapper.cfbundle; includeInIndex = 0; path = ViksitIOSUITests.xctest; sourceTree = BUILT_PRODUCTS_DIR; };
		B9F6B0811F25E69C00B695C0 /* ViksitIOSUITests.swift */ = {isa = PBXFileReference; lastKnownFileType = sourcecode.swift; path = ViksitIOSUITests.swift; sourceTree = "<group>"; };
		B9F6B0831F25E69C00B695C0 /* Info.plist */ = {isa = PBXFileReference; lastKnownFileType = text.plist.xml; path = Info.plist; sourceTree = "<group>"; };
		BA43ED551F34B1AD000D2DB0 /* DummyVC.swift */ = {isa = PBXFileReference; fileEncoding = 4; lastKnownFileType = sourcecode.swift; path = DummyVC.swift; sourceTree = "<group>"; };
		BA43ED571F386E3E000D2DB0 /* CircularImage.swift */ = {isa = PBXFileReference; fileEncoding = 4; lastKnownFileType = sourcecode.swift; path = CircularImage.swift; sourceTree = "<group>"; };
		BA43ED591F38843A000D2DB0 /* AccountCell.swift */ = {isa = PBXFileReference; fileEncoding = 4; lastKnownFileType = sourcecode.swift; path = AccountCell.swift; sourceTree = "<group>"; };
		BA43ED5B1F39A2F9000D2DB0 /* PresentationCell.swift */ = {isa = PBXFileReference; fileEncoding = 4; lastKnownFileType = sourcecode.swift; path = PresentationCell.swift; sourceTree = "<group>"; };
		BA63716A1F26236000D77EA9 /* Helper.swift */ = {isa = PBXFileReference; fileEncoding = 4; lastKnownFileType = sourcecode.swift; path = Helper.swift; sourceTree = "<group>"; };
		BA63716D1F262A4000D77EA9 /* Welcome.storyboard */ = {isa = PBXFileReference; fileEncoding = 4; lastKnownFileType = file.storyboard; path = Welcome.storyboard; sourceTree = "<group>"; };
		BA63716F1F262B3400D77EA9 /* GetStartedVC.swift */ = {isa = PBXFileReference; fileEncoding = 4; lastKnownFileType = sourcecode.swift; path = GetStartedVC.swift; sourceTree = "<group>"; };
		BA6371711F2640AA00D77EA9 /* LoginVC.swift */ = {isa = PBXFileReference; fileEncoding = 4; lastKnownFileType = sourcecode.swift; path = LoginVC.swift; sourceTree = "<group>"; };
		BA6371731F2640C500D77EA9 /* SignUpVC.swift */ = {isa = PBXFileReference; fileEncoding = 4; lastKnownFileType = sourcecode.swift; path = SignUpVC.swift; sourceTree = "<group>"; };
		BA6371761F264A9A00D77EA9 /* CircularButton.swift */ = {isa = PBXFileReference; fileEncoding = 4; lastKnownFileType = sourcecode.swift; path = CircularButton.swift; sourceTree = "<group>"; };
		BA6371781F271BFA00D77EA9 /* ForgotPasswordVC.swift */ = {isa = PBXFileReference; fileEncoding = 4; lastKnownFileType = sourcecode.swift; path = ForgotPasswordVC.swift; sourceTree = "<group>"; };
		BA63717A1F27284700D77EA9 /* TextFieldWithPadding.swift */ = {isa = PBXFileReference; fileEncoding = 4; lastKnownFileType = sourcecode.swift; path = TextFieldWithPadding.swift; sourceTree = "<group>"; };
		BA63717C1F27946B00D77EA9 /* OtpVC.swift */ = {isa = PBXFileReference; fileEncoding = 4; lastKnownFileType = sourcecode.swift; path = OtpVC.swift; sourceTree = "<group>"; };
		BA63717E1F27978600D77EA9 /* ResetPasswordVC.swift */ = {isa = PBXFileReference; fileEncoding = 4; lastKnownFileType = sourcecode.swift; path = ResetPasswordVC.swift; sourceTree = "<group>"; };
		BA6371801F279CC000D77EA9 /* VerifyPhoneVC.swift */ = {isa = PBXFileReference; fileEncoding = 4; lastKnownFileType = sourcecode.swift; path = VerifyPhoneVC.swift; sourceTree = "<group>"; };
		BA6371821F27A25C00D77EA9 /* BatchCodeVC.swift */ = {isa = PBXFileReference; fileEncoding = 4; lastKnownFileType = sourcecode.swift; path = BatchCodeVC.swift; sourceTree = "<group>"; };
		BA6371841F2868C400D77EA9 /* RoundedShadowedButton.swift */ = {isa = PBXFileReference; fileEncoding = 4; lastKnownFileType = sourcecode.swift; path = RoundedShadowedButton.swift; sourceTree = "<group>"; };
		BA6371871F28707900D77EA9 /* PasswordChangedVC.swift */ = {isa = PBXFileReference; fileEncoding = 4; lastKnownFileType = sourcecode.swift; path = PasswordChangedVC.swift; sourceTree = "<group>"; };
		BA63718A1F28828400D77EA9 /* Tab.storyboard */ = {isa = PBXFileReference; fileEncoding = 4; lastKnownFileType = file.storyboard; path = Tab.storyboard; sourceTree = "<group>"; };
		BA63718D1F2883FD00D77EA9 /* RolesVC.swift */ = {isa = PBXFileReference; fileEncoding = 4; lastKnownFileType = sourcecode.swift; path = RolesVC.swift; sourceTree = "<group>"; };
		BA63718F1F28868D00D77EA9 /* TasksVC.swift */ = {isa = PBXFileReference; fileEncoding = 4; lastKnownFileType = sourcecode.swift; path = TasksVC.swift; sourceTree = "<group>"; };
		BA6371911F2886A500D77EA9 /* CalenderVC.swift */ = {isa = PBXFileReference; fileEncoding = 4; lastKnownFileType = sourcecode.swift; path = CalenderVC.swift; sourceTree = "<group>"; };
		BA6371931F288B7E00D77EA9 /* RoleTableCell.swift */ = {isa = PBXFileReference; fileEncoding = 4; lastKnownFileType = sourcecode.swift; path = RoleTableCell.swift; sourceTree = "<group>"; };
		BA6371951F28BB9B00D77EA9 /* NotificationsVC.swift */ = {isa = PBXFileReference; fileEncoding = 4; lastKnownFileType = sourcecode.swift; path = NotificationsVC.swift; sourceTree = "<group>"; };
		BA6371971F28C1A500D77EA9 /* NotificationTableCell.swift */ = {isa = PBXFileReference; fileEncoding = 4; lastKnownFileType = sourcecode.swift; path = NotificationTableCell.swift; sourceTree = "<group>"; };
		BA63719C1F293B6000D77EA9 /* TabBarController.swift */ = {isa = PBXFileReference; fileEncoding = 4; lastKnownFileType = sourcecode.swift; path = TabBarController.swift; sourceTree = "<group>"; };
		BA690E981F26115400EF980F /* AllStudentRanks.swift */ = {isa = PBXFileReference; fileEncoding = 4; lastKnownFileType = sourcecode.swift; path = AllStudentRanks.swift; sourceTree = "<group>"; };
		BA690E991F26115400EF980F /* AssessmentReports.swift */ = {isa = PBXFileReference; fileEncoding = 4; lastKnownFileType = sourcecode.swift; path = AssessmentReports.swift; sourceTree = "<group>"; };
		BA690E9A1F26115400EF980F /* AssessmentResponse.swift */ = {isa = PBXFileReference; fileEncoding = 4; lastKnownFileType = sourcecode.swift; path = AssessmentResponse.swift; sourceTree = "<group>"; };
		BA690E9F1F26118100EF980F /* ComplexObject.swift */ = {isa = PBXFileReference; fileEncoding = 4; lastKnownFileType = sourcecode.swift; path = ComplexObject.swift; sourceTree = "<group>"; };
		BA690EA01F26118100EF980F /* Courses.swift */ = {isa = PBXFileReference; fileEncoding = 4; lastKnownFileType = sourcecode.swift; path = Courses.swift; sourceTree = "<group>"; };
		BA690EA11F26118100EF980F /* DataCache.swift */ = {isa = PBXFileReference; fileEncoding = 4; lastKnownFileType = sourcecode.swift; path = DataCache.swift; sourceTree = "<group>"; };
		BA690EA51F26119000EF980F /* Events.swift */ = {isa = PBXFileReference; fileEncoding = 4; lastKnownFileType = sourcecode.swift; path = Events.swift; sourceTree = "<group>"; };
		BA690EA61F26119000EF980F /* Leaderboards.swift */ = {isa = PBXFileReference; fileEncoding = 4; lastKnownFileType = sourcecode.swift; path = Leaderboards.swift; sourceTree = "<group>"; };
		BA690EA71F26119000EF980F /* Lesson.swift */ = {isa = PBXFileReference; fileEncoding = 4; lastKnownFileType = sourcecode.swift; path = Lesson.swift; sourceTree = "<group>"; };
		BA690EA81F26119000EF980F /* Lessons.swift */ = {isa = PBXFileReference; fileEncoding = 4; lastKnownFileType = sourcecode.swift; path = Lessons.swift; sourceTree = "<group>"; };
		BA690EAD1F26119E00EF980F /* Modules.swift */ = {isa = PBXFileReference; fileEncoding = 4; lastKnownFileType = sourcecode.swift; path = Modules.swift; sourceTree = "<group>"; };
		BA690EAE1F26119E00EF980F /* Notifications.swift */ = {isa = PBXFileReference; fileEncoding = 4; lastKnownFileType = sourcecode.swift; path = Notifications.swift; sourceTree = "<group>"; };
		BA690EAF1F26119E00EF980F /* Response.swift */ = {isa = PBXFileReference; fileEncoding = 4; lastKnownFileType = sourcecode.swift; path = Response.swift; sourceTree = "<group>"; };
		BA690EB01F26119E00EF980F /* SkillObjectives.swift */ = {isa = PBXFileReference; fileEncoding = 4; lastKnownFileType = sourcecode.swift; path = SkillObjectives.swift; sourceTree = "<group>"; };
		BA690EB51F2611AF00EF980F /* Skills.swift */ = {isa = PBXFileReference; fileEncoding = 4; lastKnownFileType = sourcecode.swift; path = Skills.swift; sourceTree = "<group>"; };
		BA690EB61F2611AF00EF980F /* SkillsReport.swift */ = {isa = PBXFileReference; fileEncoding = 4; lastKnownFileType = sourcecode.swift; path = SkillsReport.swift; sourceTree = "<group>"; };
		BA690EB71F2611AF00EF980F /* StudentProfile.swift */ = {isa = PBXFileReference; fileEncoding = 4; lastKnownFileType = sourcecode.swift; path = StudentProfile.swift; sourceTree = "<group>"; };
		BA690EB81F2611AF00EF980F /* Tasks.swift */ = {isa = PBXFileReference; fileEncoding = 4; lastKnownFileType = sourcecode.swift; path = Tasks.swift; sourceTree = "<group>"; };
		BAA147BB1F2F190800D1FFFE /* CalenderTableCell.swift */ = {isa = PBXFileReference; fileEncoding = 4; lastKnownFileType = sourcecode.swift; path = CalenderTableCell.swift; sourceTree = "<group>"; };
		BAA147CB1F31D16000D1FFFE /* Modules.storyboard */ = {isa = PBXFileReference; fileEncoding = 4; lastKnownFileType = file.storyboard; path = Modules.storyboard; sourceTree = "<group>"; };
		BAA147CD1F31D18200D1FFFE /* ModulesVC.swift */ = {isa = PBXFileReference; fileEncoding = 4; lastKnownFileType = sourcecode.swift; path = ModulesVC.swift; sourceTree = "<group>"; };
		BAA147CF1F31E87F00D1FFFE /* ModuleCell.swift */ = {isa = PBXFileReference; fileEncoding = 4; lastKnownFileType = sourcecode.swift; path = ModuleCell.swift; sourceTree = "<group>"; };
		BAA147D11F3225D500D1FFFE /* RoleInfoVC.swift */ = {isa = PBXFileReference; fileEncoding = 4; lastKnownFileType = sourcecode.swift; path = RoleInfoVC.swift; sourceTree = "<group>"; };
		BAA147D31F334B7700D1FFFE /* LeftAlignedIconButton.swift */ = {isa = PBXFileReference; fileEncoding = 4; lastKnownFileType = sourcecode.swift; path = LeftAlignedIconButton.swift; sourceTree = "<group>"; };
		BAA147D81F33529000D1FFFE /* Profile.storyboard */ = {isa = PBXFileReference; fileEncoding = 4; lastKnownFileType = file.storyboard; path = Profile.storyboard; sourceTree = "<group>"; };
		BAA147DC1F33627000D1FFFE /* PerformanceVC.swift */ = {isa = PBXFileReference; fileEncoding = 4; lastKnownFileType = sourcecode.swift; path = PerformanceVC.swift; sourceTree = "<group>"; };
		BAA147DE1F33628D00D1FFFE /* AccountVC.swift */ = {isa = PBXFileReference; fileEncoding = 4; lastKnownFileType = sourcecode.swift; path = AccountVC.swift; sourceTree = "<group>"; };
		BAA147E01F33666500D1FFFE /* ProfileTBC.swift */ = {isa = PBXFileReference; fileEncoding = 4; lastKnownFileType = sourcecode.swift; path = ProfileTBC.swift; sourceTree = "<group>"; };
		BAA147EA1F34985000D1FFFE /* LeaderboardVC.swift */ = {isa = PBXFileReference; fileEncoding = 4; lastKnownFileType = sourcecode.swift; path = LeaderboardVC.swift; sourceTree = "<group>"; };
		BAA147EC1F3498FB00D1FFFE /* LeaderboardCell.swift */ = {isa = PBXFileReference; fileEncoding = 4; lastKnownFileType = sourcecode.swift; path = LeaderboardCell.swift; sourceTree = "<group>"; };
		BAA42BA71F2B44040022C553 /* testVC.swift */ = {isa = PBXFileReference; fileEncoding = 4; lastKnownFileType = sourcecode.swift; path = testVC.swift; sourceTree = "<group>"; };
		BAA42BAB1F2B700F0022C553 /* pagerViewController.swift */ = {isa = PBXFileReference; fileEncoding = 4; lastKnownFileType = sourcecode.swift; path = pagerViewController.swift; sourceTree = "<group>"; };
		BAA42BAD1F2B878A0022C553 /* RedVC.swift */ = {isa = PBXFileReference; fileEncoding = 4; lastKnownFileType = sourcecode.swift; path = RedVC.swift; sourceTree = "<group>"; };
		BAA42BAF1F2B879A0022C553 /* BlueVC.swift */ = {isa = PBXFileReference; fileEncoding = 4; lastKnownFileType = sourcecode.swift; path = BlueVC.swift; sourceTree = "<group>"; };
		BAA42BB11F2B87C10022C553 /* GreenVC.swift */ = {isa = PBXFileReference; fileEncoding = 4; lastKnownFileType = sourcecode.swift; path = GreenVC.swift; sourceTree = "<group>"; };
/* End PBXFileReference section */

/* Begin PBXFrameworksBuildPhase section */
		B9F6B0571F25E69C00B695C0 /* Frameworks */ = {
			isa = PBXFrameworksBuildPhase;
			buildActionMask = 2147483647;
			files = (
			);
			runOnlyForDeploymentPostprocessing = 0;
		};
		B9F6B06F1F25E69C00B695C0 /* Frameworks */ = {
			isa = PBXFrameworksBuildPhase;
			buildActionMask = 2147483647;
			files = (
			);
			runOnlyForDeploymentPostprocessing = 0;
		};
		B9F6B07A1F25E69C00B695C0 /* Frameworks */ = {
			isa = PBXFrameworksBuildPhase;
			buildActionMask = 2147483647;
			files = (
			);
			runOnlyForDeploymentPostprocessing = 0;
		};
/* End PBXFrameworksBuildPhase section */

/* Begin PBXGroup section */
		B9F6B0511F25E69C00B695C0 = {
			isa = PBXGroup;
			children = (
				B9F6B05C1F25E69C00B695C0 /* ViksitIOS */,
				B9F6B0751F25E69C00B695C0 /* ViksitIOSTests */,
				B9F6B0801F25E69C00B695C0 /* ViksitIOSUITests */,
				B9F6B05B1F25E69C00B695C0 /* Products */,
			);
			sourceTree = "<group>";
		};
		B9F6B05B1F25E69C00B695C0 /* Products */ = {
			isa = PBXGroup;
			children = (
				B9F6B05A1F25E69C00B695C0 /* ViksitIOS.app */,
				B9F6B0721F25E69C00B695C0 /* ViksitIOSTests.xctest */,
				B9F6B07D1F25E69C00B695C0 /* ViksitIOSUITests.xctest */,
			);
			name = Products;
			sourceTree = "<group>";
		};
		B9F6B05C1F25E69C00B695C0 /* ViksitIOS */ = {
			isa = PBXGroup;
			children = (
				B9F6B05D1F25E69C00B695C0 /* AppDelegate.swift */,
				B9F6B05F1F25E69C00B695C0 /* RootViewController.swift */,
				B9F6B0611F25E69C00B695C0 /* DataViewController.swift */,
				B9F6B0631F25E69C00B695C0 /* ModelController.swift */,
				BA63716C1F262A1700D77EA9 /* login */,
				BA6371891F28826C00D77EA9 /* tabs */,
				BAA147CA1F31D11B00D1FFFE /* modules */,
				BA690E9E1F26115C00EF980F /* complex */,
				BA6371751F264A7C00D77EA9 /* Util */,
				BAA147D51F33525700D1FFFE /* profile */,
				B9F6B0651F25E69C00B695C0 /* Main.storyboard */,
				B9F6B06A1F25E69C00B695C0 /* LaunchScreen.storyboard */,
				B9F6B0681F25E69C00B695C0 /* Assets.xcassets */,
				B9F6B06D1F25E69C00B695C0 /* Info.plist */,
			);
			path = ViksitIOS;
			sourceTree = "<group>";
		};
		B9F6B0751F25E69C00B695C0 /* ViksitIOSTests */ = {
			isa = PBXGroup;
			children = (
				B9F6B0761F25E69C00B695C0 /* ViksitIOSTests.swift */,
				B9F6B0781F25E69C00B695C0 /* Info.plist */,
			);
			path = ViksitIOSTests;
			sourceTree = "<group>";
		};
		B9F6B0801F25E69C00B695C0 /* ViksitIOSUITests */ = {
			isa = PBXGroup;
			children = (
				B9F6B0811F25E69C00B695C0 /* ViksitIOSUITests.swift */,
				B9F6B0831F25E69C00B695C0 /* Info.plist */,
			);
			path = ViksitIOSUITests;
			sourceTree = "<group>";
		};
		BA63716C1F262A1700D77EA9 /* login */ = {
			isa = PBXGroup;
			children = (
				BA63716D1F262A4000D77EA9 /* Welcome.storyboard */,
				BA6371861F28701B00D77EA9 /* view controllers */,
			);
			name = login;
			sourceTree = "<group>";
		};
		BA6371751F264A7C00D77EA9 /* Util */ = {
			isa = PBXGroup;
			children = (
				BA63716A1F26236000D77EA9 /* Helper.swift */,
				BA6371761F264A9A00D77EA9 /* CircularButton.swift */,
				BA63717A1F27284700D77EA9 /* TextFieldWithPadding.swift */,
				BA6371841F2868C400D77EA9 /* RoundedShadowedButton.swift */,
				BA690EA11F26118100EF980F /* DataCache.swift */,
				BAA147D31F334B7700D1FFFE /* LeftAlignedIconButton.swift */,
				BA43ED571F386E3E000D2DB0 /* CircularImage.swift */,
			);
			name = Util;
			sourceTree = "<group>";
		};
		BA6371861F28701B00D77EA9 /* view controllers */ = {
			isa = PBXGroup;
			children = (
				BA63716F1F262B3400D77EA9 /* GetStartedVC.swift */,
				BA6371711F2640AA00D77EA9 /* LoginVC.swift */,
				BA6371731F2640C500D77EA9 /* SignUpVC.swift */,
				BA6371781F271BFA00D77EA9 /* ForgotPasswordVC.swift */,
				BA6371801F279CC000D77EA9 /* VerifyPhoneVC.swift */,
				BA63717E1F27978600D77EA9 /* ResetPasswordVC.swift */,
				BA63717C1F27946B00D77EA9 /* OtpVC.swift */,
				BA6371821F27A25C00D77EA9 /* BatchCodeVC.swift */,
				BA6371871F28707900D77EA9 /* PasswordChangedVC.swift */,
				BAA42BA71F2B44040022C553 /* testVC.swift */,
			);
			name = "view controllers";
			sourceTree = "<group>";
		};
		BA6371891F28826C00D77EA9 /* tabs */ = {
			isa = PBXGroup;
			children = (
				BA63718A1F28828400D77EA9 /* Tab.storyboard */,
				BA63719C1F293B6000D77EA9 /* TabBarController.swift */,
				BAA42BAB1F2B700F0022C553 /* pagerViewController.swift */,
				BA63719A1F28E07900D77EA9 /* tasks */,
				BA6371991F28E04300D77EA9 /* roles */,
				BA63718C1F2882A500D77EA9 /* calender */,
				BAA42BAF1F2B879A0022C553 /* BlueVC.swift */,
				BAA42BAD1F2B878A0022C553 /* RedVC.swift */,
				BAA42BB11F2B87C10022C553 /* GreenVC.swift */,
			);
			name = tabs;
			sourceTree = "<group>";
		};
		BA63718C1F2882A500D77EA9 /* calender */ = {
			isa = PBXGroup;
			children = (
				BA6371911F2886A500D77EA9 /* CalenderVC.swift */,
				BAA147BB1F2F190800D1FFFE /* CalenderTableCell.swift */,
			);
			name = calender;
			sourceTree = "<group>";
		};
		BA6371991F28E04300D77EA9 /* roles */ = {
			isa = PBXGroup;
			children = (
				BA63718D1F2883FD00D77EA9 /* RolesVC.swift */,
				BA6371931F288B7E00D77EA9 /* RoleTableCell.swift */,
			);
			name = roles;
			sourceTree = "<group>";
		};
		BA63719A1F28E07900D77EA9 /* tasks */ = {
			isa = PBXGroup;
			children = (
				BA63718F1F28868D00D77EA9 /* TasksVC.swift */,
				BA43ED5B1F39A2F9000D2DB0 /* PresentationCell.swift */,
			);
			name = tasks;
			sourceTree = "<group>";
		};
		BA63719B1F28E08800D77EA9 /* notifications */ = {
			isa = PBXGroup;
			children = (
				BA6371971F28C1A500D77EA9 /* NotificationTableCell.swift */,
				BA6371951F28BB9B00D77EA9 /* NotificationsVC.swift */,
			);
			name = notifications;
			sourceTree = "<group>";
		};
		BA690E9E1F26115C00EF980F /* complex */ = {
			isa = PBXGroup;
			children = (
				BA690E981F26115400EF980F /* AllStudentRanks.swift */,
				BA690E991F26115400EF980F /* AssessmentReports.swift */,
				BA690E9F1F26118100EF980F /* ComplexObject.swift */,
				BA690EAD1F26119E00EF980F /* Modules.swift */,
				BA690EAE1F26119E00EF980F /* Notifications.swift */,
				BA690EB51F2611AF00EF980F /* Skills.swift */,
				BA690EB61F2611AF00EF980F /* SkillsReport.swift */,
				BA690EB71F2611AF00EF980F /* StudentProfile.swift */,
				BA690EB81F2611AF00EF980F /* Tasks.swift */,
				BA690EAF1F26119E00EF980F /* Response.swift */,
				BA690EB01F26119E00EF980F /* SkillObjectives.swift */,
				BA690EA01F26118100EF980F /* Courses.swift */,
				BA690EA51F26119000EF980F /* Events.swift */,
				BA690EA61F26119000EF980F /* Leaderboards.swift */,
				BA690EA71F26119000EF980F /* Lesson.swift */,
				BA690EA81F26119000EF980F /* Lessons.swift */,
				BA690E9A1F26115400EF980F /* AssessmentResponse.swift */,
			);
			name = complex;
			sourceTree = "<group>";
		};
		BAA147CA1F31D11B00D1FFFE /* modules */ = {
			isa = PBXGroup;
			children = (
				BAA147CB1F31D16000D1FFFE /* Modules.storyboard */,
				BAA147CD1F31D18200D1FFFE /* ModulesVC.swift */,
				BAA147CF1F31E87F00D1FFFE /* ModuleCell.swift */,
				BA63719B1F28E08800D77EA9 /* notifications */,
				BAA147D11F3225D500D1FFFE /* RoleInfoVC.swift */,
			);
			name = modules;
			sourceTree = "<group>";
		};
		BAA147D51F33525700D1FFFE /* profile */ = {
			isa = PBXGroup;
			children = (
				BAA147D81F33529000D1FFFE /* Profile.storyboard */,
				BAA147DC1F33627000D1FFFE /* PerformanceVC.swift */,
				BAA147DE1F33628D00D1FFFE /* AccountVC.swift */,
				BA43ED591F38843A000D2DB0 /* AccountCell.swift */,
				BAA147E01F33666500D1FFFE /* ProfileTBC.swift */,
				BAA147EA1F34985000D1FFFE /* LeaderboardVC.swift */,
				BAA147EC1F3498FB00D1FFFE /* LeaderboardCell.swift */,
				BA43ED551F34B1AD000D2DB0 /* DummyVC.swift */,
			);
			name = profile;
			sourceTree = "<group>";
		};
/* End PBXGroup section */

/* Begin PBXNativeTarget section */
		B9F6B0591F25E69C00B695C0 /* ViksitIOS */ = {
			isa = PBXNativeTarget;
			buildConfigurationList = B9F6B0861F25E69C00B695C0 /* Build configuration list for PBXNativeTarget "ViksitIOS" */;
			buildPhases = (
				B9F6B0561F25E69C00B695C0 /* Sources */,
				B9F6B0571F25E69C00B695C0 /* Frameworks */,
				B9F6B0581F25E69C00B695C0 /* Resources */,
			);
			buildRules = (
			);
			dependencies = (
			);
			name = ViksitIOS;
			productName = ViksitIOS;
			productReference = B9F6B05A1F25E69C00B695C0 /* ViksitIOS.app */;
			productType = "com.apple.product-type.application";
		};
		B9F6B0711F25E69C00B695C0 /* ViksitIOSTests */ = {
			isa = PBXNativeTarget;
			buildConfigurationList = B9F6B0891F25E69C00B695C0 /* Build configuration list for PBXNativeTarget "ViksitIOSTests" */;
			buildPhases = (
				B9F6B06E1F25E69C00B695C0 /* Sources */,
				B9F6B06F1F25E69C00B695C0 /* Frameworks */,
				B9F6B0701F25E69C00B695C0 /* Resources */,
			);
			buildRules = (
			);
			dependencies = (
				B9F6B0741F25E69C00B695C0 /* PBXTargetDependency */,
			);
			name = ViksitIOSTests;
			productName = ViksitIOSTests;
			productReference = B9F6B0721F25E69C00B695C0 /* ViksitIOSTests.xctest */;
			productType = "com.apple.product-type.bundle.unit-test";
		};
		B9F6B07C1F25E69C00B695C0 /* ViksitIOSUITests */ = {
			isa = PBXNativeTarget;
			buildConfigurationList = B9F6B08C1F25E69C00B695C0 /* Build configuration list for PBXNativeTarget "ViksitIOSUITests" */;
			buildPhases = (
				B9F6B0791F25E69C00B695C0 /* Sources */,
				B9F6B07A1F25E69C00B695C0 /* Frameworks */,
				B9F6B07B1F25E69C00B695C0 /* Resources */,
			);
			buildRules = (
			);
			dependencies = (
				B9F6B07F1F25E69C00B695C0 /* PBXTargetDependency */,
			);
			name = ViksitIOSUITests;
			productName = ViksitIOSUITests;
			productReference = B9F6B07D1F25E69C00B695C0 /* ViksitIOSUITests.xctest */;
			productType = "com.apple.product-type.bundle.ui-testing";
		};
/* End PBXNativeTarget section */

/* Begin PBXProject section */
		B9F6B0521F25E69C00B695C0 /* Project object */ = {
			isa = PBXProject;
			attributes = {
				LastSwiftUpdateCheck = 0830;
				LastUpgradeCheck = 0830;
				ORGANIZATIONNAME = "Istar Feroz";
				TargetAttributes = {
					B9F6B0591F25E69C00B695C0 = {
						CreatedOnToolsVersion = 8.3.3;
						DevelopmentTeam = LQEX6X2Z5Q;
						ProvisioningStyle = Automatic;
					};
					B9F6B0711F25E69C00B695C0 = {
						CreatedOnToolsVersion = 8.3.3;
						ProvisioningStyle = Automatic;
						TestTargetID = B9F6B0591F25E69C00B695C0;
					};
					B9F6B07C1F25E69C00B695C0 = {
						CreatedOnToolsVersion = 8.3.3;
						ProvisioningStyle = Automatic;
						TestTargetID = B9F6B0591F25E69C00B695C0;
					};
				};
			};
			buildConfigurationList = B9F6B0551F25E69C00B695C0 /* Build configuration list for PBXProject "ViksitIOS" */;
			compatibilityVersion = "Xcode 3.2";
			developmentRegion = English;
			hasScannedForEncodings = 0;
			knownRegions = (
				en,
				Base,
			);
			mainGroup = B9F6B0511F25E69C00B695C0;
			productRefGroup = B9F6B05B1F25E69C00B695C0 /* Products */;
			projectDirPath = "";
			projectRoot = "";
			targets = (
				B9F6B0591F25E69C00B695C0 /* ViksitIOS */,
				B9F6B0711F25E69C00B695C0 /* ViksitIOSTests */,
				B9F6B07C1F25E69C00B695C0 /* ViksitIOSUITests */,
			);
		};
/* End PBXProject section */

/* Begin PBXResourcesBuildPhase section */
		B9F6B0581F25E69C00B695C0 /* Resources */ = {
			isa = PBXResourcesBuildPhase;
			buildActionMask = 2147483647;
			files = (
				B9F6B06C1F25E69C00B695C0 /* LaunchScreen.storyboard in Resources */,
				BA63716E1F262A4000D77EA9 /* Welcome.storyboard in Resources */,
				BAA147D91F33529000D1FFFE /* Profile.storyboard in Resources */,
				BAA147CC1F31D16000D1FFFE /* Modules.storyboard in Resources */,
				B9F6B0691F25E69C00B695C0 /* Assets.xcassets in Resources */,
				B9F6B0671F25E69C00B695C0 /* Main.storyboard in Resources */,
				BA63718B1F28828400D77EA9 /* Tab.storyboard in Resources */,
			);
			runOnlyForDeploymentPostprocessing = 0;
		};
		B9F6B0701F25E69C00B695C0 /* Resources */ = {
			isa = PBXResourcesBuildPhase;
			buildActionMask = 2147483647;
			files = (
			);
			runOnlyForDeploymentPostprocessing = 0;
		};
		B9F6B07B1F25E69C00B695C0 /* Resources */ = {
			isa = PBXResourcesBuildPhase;
			buildActionMask = 2147483647;
			files = (
			);
			runOnlyForDeploymentPostprocessing = 0;
		};
/* End PBXResourcesBuildPhase section */

/* Begin PBXSourcesBuildPhase section */
		B9F6B0561F25E69C00B695C0 /* Sources */ = {
			isa = PBXSourcesBuildPhase;
			buildActionMask = 2147483647;
			files = (
				BA6371851F2868C400D77EA9 /* RoundedShadowedButton.swift in Sources */,
				B9F6B0601F25E69C00B695C0 /* RootViewController.swift in Sources */,
				BA690EB11F26119E00EF980F /* Modules.swift in Sources */,
				BAA42BB21F2B87C10022C553 /* GreenVC.swift in Sources */,
				BA690EA91F26119000EF980F /* Events.swift in Sources */,
				BAA147D01F31E87F00D1FFFE /* ModuleCell.swift in Sources */,
				BA690EBA1F2611AF00EF980F /* SkillsReport.swift in Sources */,
				BA690EB31F26119E00EF980F /* Response.swift in Sources */,
				BAA42BAC1F2B700F0022C553 /* pagerViewController.swift in Sources */,
				BAA147E11F33666500D1FFFE /* ProfileTBC.swift in Sources */,
				BA63717F1F27978600D77EA9 /* ResetPasswordVC.swift in Sources */,
				B9F6B0641F25E69C00B695C0 /* ModelController.swift in Sources */,
				BA690EBC1F2611AF00EF980F /* Tasks.swift in Sources */,
				BA63717B1F27284700D77EA9 /* TextFieldWithPadding.swift in Sources */,
				B9F6B0621F25E69C00B695C0 /* DataViewController.swift in Sources */,
				BA6371961F28BB9B00D77EA9 /* NotificationsVC.swift in Sources */,
				BA690EB91F2611AF00EF980F /* Skills.swift in Sources */,
				BA6371721F2640AA00D77EA9 /* LoginVC.swift in Sources */,
				BA6371741F2640C500D77EA9 /* SignUpVC.swift in Sources */,
				BA43ED581F386E3E000D2DB0 /* CircularImage.swift in Sources */,
				BAA147D41F334B7700D1FFFE /* LeftAlignedIconButton.swift in Sources */,
				BA6371921F2886A500D77EA9 /* CalenderVC.swift in Sources */,
				BA690E9B1F26115500EF980F /* AllStudentRanks.swift in Sources */,
				BAA42BA81F2B44040022C553 /* testVC.swift in Sources */,
				BAA147DF1F33628D00D1FFFE /* AccountVC.swift in Sources */,
				BA43ED5C1F39A2F9000D2DB0 /* PresentationCell.swift in Sources */,
				BAA147CE1F31D18200D1FFFE /* ModulesVC.swift in Sources */,
				B9F6B05E1F25E69C00B695C0 /* AppDelegate.swift in Sources */,
				BA6371771F264A9A00D77EA9 /* CircularButton.swift in Sources */,
				BA690EA21F26118100EF980F /* ComplexObject.swift in Sources */,
				BA690EB21F26119E00EF980F /* Notifications.swift in Sources */,
				BAA147BC1F2F190800D1FFFE /* CalenderTableCell.swift in Sources */,
				BA690EAB1F26119000EF980F /* Lesson.swift in Sources */,
				BA6371941F288B7E00D77EA9 /* RoleTableCell.swift in Sources */,
				BAA147D21F3225D500D1FFFE /* RoleInfoVC.swift in Sources */,
				BAA147ED1F3498FB00D1FFFE /* LeaderboardCell.swift in Sources */,
				BA63717D1F27946B00D77EA9 /* OtpVC.swift in Sources */,
				BA690EB41F26119E00EF980F /* SkillObjectives.swift in Sources */,
				BA6371831F27A25C00D77EA9 /* BatchCodeVC.swift in Sources */,
				BA690EA41F26118100EF980F /* DataCache.swift in Sources */,
				BA6371811F279CC000D77EA9 /* VerifyPhoneVC.swift in Sources */,
				BAA42BB01F2B879A0022C553 /* BlueVC.swift in Sources */,
				BA690E9C1F26115500EF980F /* AssessmentReports.swift in Sources */,
				BA690EAA1F26119000EF980F /* Leaderboards.swift in Sources */,
				BA690EBB1F2611AF00EF980F /* StudentProfile.swift in Sources */,
				BA6371791F271BFA00D77EA9 /* ForgotPasswordVC.swift in Sources */,
				BAA42BAE1F2B878A0022C553 /* RedVC.swift in Sources */,
				BA690E9D1F26115500EF980F /* AssessmentResponse.swift in Sources */,
				BA43ED5A1F38843A000D2DB0 /* AccountCell.swift in Sources */,
				BAA147EB1F34985000D1FFFE /* LeaderboardVC.swift in Sources */,
				BA43ED561F34B1AD000D2DB0 /* DummyVC.swift in Sources */,
				BA63716B1F26236000D77EA9 /* Helper.swift in Sources */,
				BA6371701F262B3400D77EA9 /* GetStartedVC.swift in Sources */,
				BA6371881F28707900D77EA9 /* PasswordChangedVC.swift in Sources */,
				BA690EA31F26118100EF980F /* Courses.swift in Sources */,
				BA6371981F28C1A500D77EA9 /* NotificationTableCell.swift in Sources */,
				BAA147DD1F33627000D1FFFE /* PerformanceVC.swift in Sources */,
				BA6371901F28868D00D77EA9 /* TasksVC.swift in Sources */,
				BA63719D1F293B6000D77EA9 /* TabBarController.swift in Sources */,
				BA63718E1F2883FD00D77EA9 /* RolesVC.swift in Sources */,
				BA690EAC1F26119000EF980F /* Lessons.swift in Sources */,
			);
			runOnlyForDeploymentPostprocessing = 0;
		};
		B9F6B06E1F25E69C00B695C0 /* Sources */ = {
			isa = PBXSourcesBuildPhase;
			buildActionMask = 2147483647;
			files = (
				B9F6B0771F25E69C00B695C0 /* ViksitIOSTests.swift in Sources */,
			);
			runOnlyForDeploymentPostprocessing = 0;
		};
		B9F6B0791F25E69C00B695C0 /* Sources */ = {
			isa = PBXSourcesBuildPhase;
			buildActionMask = 2147483647;
			files = (
				B9F6B0821F25E69C00B695C0 /* ViksitIOSUITests.swift in Sources */,
			);
			runOnlyForDeploymentPostprocessing = 0;
		};
/* End PBXSourcesBuildPhase section */

/* Begin PBXTargetDependency section */
		B9F6B0741F25E69C00B695C0 /* PBXTargetDependency */ = {
			isa = PBXTargetDependency;
			target = B9F6B0591F25E69C00B695C0 /* ViksitIOS */;
			targetProxy = B9F6B0731F25E69C00B695C0 /* PBXContainerItemProxy */;
		};
		B9F6B07F1F25E69C00B695C0 /* PBXTargetDependency */ = {
			isa = PBXTargetDependency;
			target = B9F6B0591F25E69C00B695C0 /* ViksitIOS */;
			targetProxy = B9F6B07E1F25E69C00B695C0 /* PBXContainerItemProxy */;
		};
/* End PBXTargetDependency section */

/* Begin PBXVariantGroup section */
		B9F6B0651F25E69C00B695C0 /* Main.storyboard */ = {
			isa = PBXVariantGroup;
			children = (
				B9F6B0661F25E69C00B695C0 /* Base */,
			);
			name = Main.storyboard;
			sourceTree = "<group>";
		};
		B9F6B06A1F25E69C00B695C0 /* LaunchScreen.storyboard */ = {
			isa = PBXVariantGroup;
			children = (
				B9F6B06B1F25E69C00B695C0 /* Base */,
			);
			name = LaunchScreen.storyboard;
			sourceTree = "<group>";
		};
/* End PBXVariantGroup section */

/* Begin XCBuildConfiguration section */
		B9F6B0841F25E69C00B695C0 /* Debug */ = {
			isa = XCBuildConfiguration;
			buildSettings = {
				ALWAYS_SEARCH_USER_PATHS = NO;
				CLANG_ANALYZER_NONNULL = YES;
				CLANG_ANALYZER_NUMBER_OBJECT_CONVERSION = YES_AGGRESSIVE;
				CLANG_CXX_LANGUAGE_STANDARD = "gnu++0x";
				CLANG_CXX_LIBRARY = "libc++";
				CLANG_ENABLE_MODULES = YES;
				CLANG_ENABLE_OBJC_ARC = YES;
				CLANG_WARN_BOOL_CONVERSION = YES;
				CLANG_WARN_CONSTANT_CONVERSION = YES;
				CLANG_WARN_DIRECT_OBJC_ISA_USAGE = YES_ERROR;
				CLANG_WARN_DOCUMENTATION_COMMENTS = YES;
				CLANG_WARN_EMPTY_BODY = YES;
				CLANG_WARN_ENUM_CONVERSION = YES;
				CLANG_WARN_INFINITE_RECURSION = YES;
				CLANG_WARN_INT_CONVERSION = YES;
				CLANG_WARN_OBJC_ROOT_CLASS = YES_ERROR;
				CLANG_WARN_SUSPICIOUS_MOVE = YES;
				CLANG_WARN_UNREACHABLE_CODE = YES;
				CLANG_WARN__DUPLICATE_METHOD_MATCH = YES;
				"CODE_SIGN_IDENTITY[sdk=iphoneos*]" = "iPhone Developer";
				COPY_PHASE_STRIP = NO;
				DEBUG_INFORMATION_FORMAT = dwarf;
				ENABLE_STRICT_OBJC_MSGSEND = YES;
				ENABLE_TESTABILITY = YES;
				GCC_C_LANGUAGE_STANDARD = gnu99;
				GCC_DYNAMIC_NO_PIC = NO;
				GCC_NO_COMMON_BLOCKS = YES;
				GCC_OPTIMIZATION_LEVEL = 0;
				GCC_PREPROCESSOR_DEFINITIONS = (
					"DEBUG=1",
					"$(inherited)",
				);
				GCC_WARN_64_TO_32_BIT_CONVERSION = YES;
				GCC_WARN_ABOUT_RETURN_TYPE = YES_ERROR;
				GCC_WARN_UNDECLARED_SELECTOR = YES;
				GCC_WARN_UNINITIALIZED_AUTOS = YES_AGGRESSIVE;
				GCC_WARN_UNUSED_FUNCTION = YES;
				GCC_WARN_UNUSED_VARIABLE = YES;
				IPHONEOS_DEPLOYMENT_TARGET = 10.3;
				MTL_ENABLE_DEBUG_INFO = YES;
				ONLY_ACTIVE_ARCH = YES;
				SDKROOT = iphoneos;
				SWIFT_ACTIVE_COMPILATION_CONDITIONS = DEBUG;
				SWIFT_OPTIMIZATION_LEVEL = "-Onone";
			};
			name = Debug;
		};
		B9F6B0851F25E69C00B695C0 /* Release */ = {
			isa = XCBuildConfiguration;
			buildSettings = {
				ALWAYS_SEARCH_USER_PATHS = NO;
				CLANG_ANALYZER_NONNULL = YES;
				CLANG_ANALYZER_NUMBER_OBJECT_CONVERSION = YES_AGGRESSIVE;
				CLANG_CXX_LANGUAGE_STANDARD = "gnu++0x";
				CLANG_CXX_LIBRARY = "libc++";
				CLANG_ENABLE_MODULES = YES;
				CLANG_ENABLE_OBJC_ARC = YES;
				CLANG_WARN_BOOL_CONVERSION = YES;
				CLANG_WARN_CONSTANT_CONVERSION = YES;
				CLANG_WARN_DIRECT_OBJC_ISA_USAGE = YES_ERROR;
				CLANG_WARN_DOCUMENTATION_COMMENTS = YES;
				CLANG_WARN_EMPTY_BODY = YES;
				CLANG_WARN_ENUM_CONVERSION = YES;
				CLANG_WARN_INFINITE_RECURSION = YES;
				CLANG_WARN_INT_CONVERSION = YES;
				CLANG_WARN_OBJC_ROOT_CLASS = YES_ERROR;
				CLANG_WARN_SUSPICIOUS_MOVE = YES;
				CLANG_WARN_UNREACHABLE_CODE = YES;
				CLANG_WARN__DUPLICATE_METHOD_MATCH = YES;
				"CODE_SIGN_IDENTITY[sdk=iphoneos*]" = "iPhone Developer";
				COPY_PHASE_STRIP = NO;
				DEBUG_INFORMATION_FORMAT = "dwarf-with-dsym";
				ENABLE_NS_ASSERTIONS = NO;
				ENABLE_STRICT_OBJC_MSGSEND = YES;
				GCC_C_LANGUAGE_STANDARD = gnu99;
				GCC_NO_COMMON_BLOCKS = YES;
				GCC_WARN_64_TO_32_BIT_CONVERSION = YES;
				GCC_WARN_ABOUT_RETURN_TYPE = YES_ERROR;
				GCC_WARN_UNDECLARED_SELECTOR = YES;
				GCC_WARN_UNINITIALIZED_AUTOS = YES_AGGRESSIVE;
				GCC_WARN_UNUSED_FUNCTION = YES;
				GCC_WARN_UNUSED_VARIABLE = YES;
				IPHONEOS_DEPLOYMENT_TARGET = 10.3;
				MTL_ENABLE_DEBUG_INFO = NO;
				SDKROOT = iphoneos;
				SWIFT_OPTIMIZATION_LEVEL = "-Owholemodule";
				VALIDATE_PRODUCT = YES;
			};
			name = Release;
		};
		B9F6B0871F25E69C00B695C0 /* Debug */ = {
			isa = XCBuildConfiguration;
			buildSettings = {
				ASSETCATALOG_COMPILER_APPICON_NAME = AppIcon;
				DEVELOPMENT_TEAM = LQEX6X2Z5Q;
				INFOPLIST_FILE = ViksitIOS/Info.plist;
				IPHONEOS_DEPLOYMENT_TARGET = 9.3;
				LD_RUNPATH_SEARCH_PATHS = "$(inherited) @executable_path/Frameworks";
				PRODUCT_BUNDLE_IDENTIFIER = com.istarindia.ViksitIOS;
				PRODUCT_NAME = "$(TARGET_NAME)";
				SWIFT_VERSION = 3.0;
			};
			name = Debug;
		};
		B9F6B0881F25E69C00B695C0 /* Release */ = {
			isa = XCBuildConfiguration;
			buildSettings = {
				ASSETCATALOG_COMPILER_APPICON_NAME = AppIcon;
				DEVELOPMENT_TEAM = LQEX6X2Z5Q;
				INFOPLIST_FILE = ViksitIOS/Info.plist;
				IPHONEOS_DEPLOYMENT_TARGET = 9.3;
				LD_RUNPATH_SEARCH_PATHS = "$(inherited) @executable_path/Frameworks";
				PRODUCT_BUNDLE_IDENTIFIER = com.istarindia.ViksitIOS;
				PRODUCT_NAME = "$(TARGET_NAME)";
				SWIFT_VERSION = 3.0;
			};
			name = Release;
		};
		B9F6B08A1F25E69C00B695C0 /* Debug */ = {
			isa = XCBuildConfiguration;
			buildSettings = {
				ALWAYS_EMBED_SWIFT_STANDARD_LIBRARIES = YES;
				BUNDLE_LOADER = "$(TEST_HOST)";
				INFOPLIST_FILE = ViksitIOSTests/Info.plist;
				LD_RUNPATH_SEARCH_PATHS = "$(inherited) @executable_path/Frameworks @loader_path/Frameworks";
				PRODUCT_BUNDLE_IDENTIFIER = com.istarindia.ViksitIOSTests;
				PRODUCT_NAME = "$(TARGET_NAME)";
				SWIFT_VERSION = 3.0;
				TEST_HOST = "$(BUILT_PRODUCTS_DIR)/ViksitIOS.app/ViksitIOS";
			};
			name = Debug;
		};
		B9F6B08B1F25E69C00B695C0 /* Release */ = {
			isa = XCBuildConfiguration;
			buildSettings = {
				ALWAYS_EMBED_SWIFT_STANDARD_LIBRARIES = YES;
				BUNDLE_LOADER = "$(TEST_HOST)";
				INFOPLIST_FILE = ViksitIOSTests/Info.plist;
				LD_RUNPATH_SEARCH_PATHS = "$(inherited) @executable_path/Frameworks @loader_path/Frameworks";
				PRODUCT_BUNDLE_IDENTIFIER = com.istarindia.ViksitIOSTests;
				PRODUCT_NAME = "$(TARGET_NAME)";
				SWIFT_VERSION = 3.0;
				TEST_HOST = "$(BUILT_PRODUCTS_DIR)/ViksitIOS.app/ViksitIOS";
			};
			name = Release;
		};
		B9F6B08D1F25E69C00B695C0 /* Debug */ = {
			isa = XCBuildConfiguration;
			buildSettings = {
				ALWAYS_EMBED_SWIFT_STANDARD_LIBRARIES = YES;
				INFOPLIST_FILE = ViksitIOSUITests/Info.plist;
				LD_RUNPATH_SEARCH_PATHS = "$(inherited) @executable_path/Frameworks @loader_path/Frameworks";
				PRODUCT_BUNDLE_IDENTIFIER = com.istarindia.ViksitIOSUITests;
				PRODUCT_NAME = "$(TARGET_NAME)";
				SWIFT_VERSION = 3.0;
				TEST_TARGET_NAME = ViksitIOS;
			};
			name = Debug;
		};
		B9F6B08E1F25E69C00B695C0 /* Release */ = {
			isa = XCBuildConfiguration;
			buildSettings = {
				ALWAYS_EMBED_SWIFT_STANDARD_LIBRARIES = YES;
				INFOPLIST_FILE = ViksitIOSUITests/Info.plist;
				LD_RUNPATH_SEARCH_PATHS = "$(inherited) @executable_path/Frameworks @loader_path/Frameworks";
				PRODUCT_BUNDLE_IDENTIFIER = com.istarindia.ViksitIOSUITests;
				PRODUCT_NAME = "$(TARGET_NAME)";
				SWIFT_VERSION = 3.0;
				TEST_TARGET_NAME = ViksitIOS;
			};
			name = Release;
		};
/* End XCBuildConfiguration section */

/* Begin XCConfigurationList section */
		B9F6B0551F25E69C00B695C0 /* Build configuration list for PBXProject "ViksitIOS" */ = {
			isa = XCConfigurationList;
			buildConfigurations = (
				B9F6B0841F25E69C00B695C0 /* Debug */,
				B9F6B0851F25E69C00B695C0 /* Release */,
			);
			defaultConfigurationIsVisible = 0;
			defaultConfigurationName = Release;
		};
		B9F6B0861F25E69C00B695C0 /* Build configuration list for PBXNativeTarget "ViksitIOS" */ = {
			isa = XCConfigurationList;
			buildConfigurations = (
				B9F6B0871F25E69C00B695C0 /* Debug */,
				B9F6B0881F25E69C00B695C0 /* Release */,
			);
			defaultConfigurationIsVisible = 0;
			defaultConfigurationName = Release;
		};
		B9F6B0891F25E69C00B695C0 /* Build configuration list for PBXNativeTarget "ViksitIOSTests" */ = {
			isa = XCConfigurationList;
			buildConfigurations = (
				B9F6B08A1F25E69C00B695C0 /* Debug */,
				B9F6B08B1F25E69C00B695C0 /* Release */,
			);
			defaultConfigurationIsVisible = 0;
			defaultConfigurationName = Release;
		};
		B9F6B08C1F25E69C00B695C0 /* Build configuration list for PBXNativeTarget "ViksitIOSUITests" */ = {
			isa = XCConfigurationList;
			buildConfigurations = (
				B9F6B08D1F25E69C00B695C0 /* Debug */,
				B9F6B08E1F25E69C00B695C0 /* Release */,
			);
			defaultConfigurationIsVisible = 0;
			defaultConfigurationName = Release;
		};
/* End XCConfigurationList section */
	};
	rootObject = B9F6B0521F25E69C00B695C0 /* Project object */;
}
