// !$*UTF8*$!
{
	archiveVersion = 1;
	classes = {
	};
	objectVersion = 46;
	objects = {

/* Begin PBXBuildFile section */
		BAE124FF1F76A98200F8576D /* AppDelegate.swift in Sources */ = {isa = PBXBuildFile; fileRef = BAE124FE1F76A98200F8576D /* AppDelegate.swift */; };
		BAE125011F76A98200F8576D /* ViewController.swift in Sources */ = {isa = PBXBuildFile; fileRef = BAE125001F76A98200F8576D /* ViewController.swift */; };
		BAE125041F76A98200F8576D /* Main.storyboard in Resources */ = {isa = PBXBuildFile; fileRef = BAE125021F76A98200F8576D /* Main.storyboard */; };
		BAE125061F76A98200F8576D /* Assets.xcassets in Resources */ = {isa = PBXBuildFile; fileRef = BAE125051F76A98200F8576D /* Assets.xcassets */; };
		BAE125091F76A98200F8576D /* LaunchScreen.storyboard in Resources */ = {isa = PBXBuildFile; fileRef = BAE125071F76A98200F8576D /* LaunchScreen.storyboard */; };
/* End PBXBuildFile section */

/* Begin PBXFileReference section */
		BAE124FB1F76A98200F8576D /* StackOverFLow.app */ = {isa = PBXFileReference; explicitFileType = wrapper.application; includeInIndex = 0; path = StackOverFLow.app; sourceTree = BUILT_PRODUCTS_DIR; };
		BAE124FE1F76A98200F8576D /* AppDelegate.swift */ = {isa = PBXFileReference; lastKnownFileType = sourcecode.swift; path = AppDelegate.swift; sourceTree = "<group>"; };
		BAE125001F76A98200F8576D /* ViewController.swift */ = {isa = PBXFileReference; lastKnownFileType = sourcecode.swift; path = ViewController.swift; sourceTree = "<group>"; };
		BAE125031F76A98200F8576D /* Base */ = {isa = PBXFileReference; lastKnownFileType = file.storyboard; name = Base; path = Base.lproj/Main.storyboard; sourceTree = "<group>"; };
		BAE125051F76A98200F8576D /* Assets.xcassets */ = {isa = PBXFileReference; lastKnownFileType = folder.assetcatalog; path = Assets.xcassets; sourceTree = "<group>"; };
		BAE125081F76A98200F8576D /* Base */ = {isa = PBXFileReference; lastKnownFileType = file.storyboard; name = Base; path = Base.lproj/LaunchScreen.storyboard; sourceTree = "<group>"; };
		BAE1250A1F76A98200F8576D /* Info.plist */ = {isa = PBXFileReference; lastKnownFileType = text.plist.xml; path = Info.plist; sourceTree = "<group>"; };
/* End PBXFileReference section */

/* Begin PBXFrameworksBuildPhase section */
		BAE124F81F76A98200F8576D /* Frameworks */ = {
			isa = PBXFrameworksBuildPhase;
			buildActionMask = 2147483647;
			files = (
			);
			runOnlyForDeploymentPostprocessing = 0;
		};
/* End PBXFrameworksBuildPhase section */

/* Begin PBXGroup section */
		BAE124F21F76A98200F8576D = {
			isa = PBXGroup;
			children = (
				BAE124FD1F76A98200F8576D /* StackOverFLow */,
				BAE124FC1F76A98200F8576D /* Products */,
			);
			sourceTree = "<group>";
		};
		BAE124FC1F76A98200F8576D /* Products */ = {
			isa = PBXGroup;
			children = (
				BAE124FB1F76A98200F8576D /* StackOverFLow.app */,
			);
			name = Products;
			sourceTree = "<group>";
		};
		BAE124FD1F76A98200F8576D /* StackOverFLow */ = {
			isa = PBXGroup;
			children = (
				BAE124FE1F76A98200F8576D /* AppDelegate.swift */,
				BAE125001F76A98200F8576D /* ViewController.swift */,
				BAE125021F76A98200F8576D /* Main.storyboard */,
				BAE125051F76A98200F8576D /* Assets.xcassets */,
				BAE125071F76A98200F8576D /* LaunchScreen.storyboard */,
				BAE1250A1F76A98200F8576D /* Info.plist */,
			);
			path = StackOverFLow;
			sourceTree = "<group>";
		};
/* End PBXGroup section */

/* Begin PBXNativeTarget section */
		BAE124FA1F76A98200F8576D /* StackOverFLow */ = {
			isa = PBXNativeTarget;
			buildConfigurationList = BAE1250D1F76A98200F8576D /* Build configuration list for PBXNativeTarget "StackOverFLow" */;
			buildPhases = (
				BAE124F71F76A98200F8576D /* Sources */,
				BAE124F81F76A98200F8576D /* Frameworks */,
				BAE124F91F76A98200F8576D /* Resources */,
			);
			buildRules = (
			);
			dependencies = (
			);
			name = StackOverFLow;
			productName = StackOverFLow;
			productReference = BAE124FB1F76A98200F8576D /* StackOverFLow.app */;
			productType = "com.apple.product-type.application";
		};
/* End PBXNativeTarget section */

/* Begin PBXProject section */
		BAE124F31F76A98200F8576D /* Project object */ = {
			isa = PBXProject;
			attributes = {
				LastSwiftUpdateCheck = 0830;
				LastUpgradeCheck = 0830;
				ORGANIZATIONNAME = "Akshay Kumar Both";
				TargetAttributes = {
					BAE124FA1F76A98200F8576D = {
						CreatedOnToolsVersion = 8.3.3;
						DevelopmentTeam = MU2969C5Z6;
						ProvisioningStyle = Automatic;
					};
				};
			};
			buildConfigurationList = BAE124F61F76A98200F8576D /* Build configuration list for PBXProject "StackOverFLow" */;
			compatibilityVersion = "Xcode 3.2";
			developmentRegion = English;
			hasScannedForEncodings = 0;
			knownRegions = (
				en,
				Base,
			);
			mainGroup = BAE124F21F76A98200F8576D;
			productRefGroup = BAE124FC1F76A98200F8576D /* Products */;
			projectDirPath = "";
			projectRoot = "";
			targets = (
				BAE124FA1F76A98200F8576D /* StackOverFLow */,
			);
		};
/* End PBXProject section */

/* Begin PBXResourcesBuildPhase section */
		BAE124F91F76A98200F8576D /* Resources */ = {
			isa = PBXResourcesBuildPhase;
			buildActionMask = 2147483647;
			files = (
				BAE125091F76A98200F8576D /* LaunchScreen.storyboard in Resources */,
				BAE125061F76A98200F8576D /* Assets.xcassets in Resources */,
				BAE125041F76A98200F8576D /* Main.storyboard in Resources */,
			);
			runOnlyForDeploymentPostprocessing = 0;
		};
/* End PBXResourcesBuildPhase section */

/* Begin PBXSourcesBuildPhase section */
		BAE124F71F76A98200F8576D /* Sources */ = {
			isa = PBXSourcesBuildPhase;
			buildActionMask = 2147483647;
			files = (
				BAE125011F76A98200F8576D /* ViewController.swift in Sources */,
				BAE124FF1F76A98200F8576D /* AppDelegate.swift in Sources */,
			);
			runOnlyForDeploymentPostprocessing = 0;
		};
/* End PBXSourcesBuildPhase section */

/* Begin PBXVariantGroup section */
		BAE125021F76A98200F8576D /* Main.storyboard */ = {
			isa = PBXVariantGroup;
			children = (
				BAE125031F76A98200F8576D /* Base */,
			);
			name = Main.storyboard;
			sourceTree = "<group>";
		};
		BAE125071F76A98200F8576D /* LaunchScreen.storyboard */ = {
			isa = PBXVariantGroup;
			children = (
				BAE125081F76A98200F8576D /* Base */,
			);
			name = LaunchScreen.storyboard;
			sourceTree = "<group>";
		};
/* End PBXVariantGroup section */

/* Begin XCBuildConfiguration section */
		BAE1250B1F76A98200F8576D /* Debug */ = {
			isa = XCBuildConfiguration;
			buildSettings = {
				ALWAYS_SEARCH_USER_PATHS = NO;
				CLANG_ANALYZER_NONNULL = YES;
				CLANG_ANALYZER_NUMBER_OBJECT_CONVERSION = YES_AGGRESSIVE;
				CLANG_CXX_LANGUAGE_STANDARD = "gnu++0x";
				CLANG_CXX_LIBRARY = "libc++";
				CLANG_ENABLE_MODULES = YES;
				CLANG_ENABLE_OBJC_ARC = YES;
				CLANG_WARN_BOOL_CONVERSION = YES;
				CLANG_WARN_CONSTANT_CONVERSION = YES;
				CLANG_WARN_DIRECT_OBJC_ISA_USAGE = YES_ERROR;
				CLANG_WARN_DOCUMENTATION_COMMENTS = YES;
				CLANG_WARN_EMPTY_BODY = YES;
				CLANG_WARN_ENUM_CONVERSION = YES;
				CLANG_WARN_INFINITE_RECURSION = YES;
				CLANG_WARN_INT_CONVERSION = YES;
				CLANG_WARN_OBJC_ROOT_CLASS = YES_ERROR;
				CLANG_WARN_SUSPICIOUS_MOVE = YES;
				CLANG_WARN_UNREACHABLE_CODE = YES;
				CLANG_WARN__DUPLICATE_METHOD_MATCH = YES;
				"CODE_SIGN_IDENTITY[sdk=iphoneos*]" = "iPhone Developer";
				COPY_PHASE_STRIP = NO;
				DEBUG_INFORMATION_FORMAT = dwarf;
				ENABLE_STRICT_OBJC_MSGSEND = YES;
				ENABLE_TESTABILITY = YES;
				GCC_C_LANGUAGE_STANDARD = gnu99;
				GCC_DYNAMIC_NO_PIC = NO;
				GCC_NO_COMMON_BLOCKS = YES;
				GCC_OPTIMIZATION_LEVEL = 0;
				GCC_PREPROCESSOR_DEFINITIONS = (
					"DEBUG=1",
					"$(inherited)",
				);
				GCC_WARN_64_TO_32_BIT_CONVERSION = YES;
				GCC_WARN_ABOUT_RETURN_TYPE = YES_ERROR;
				GCC_WARN_UNDECLARED_SELECTOR = YES;
				GCC_WARN_UNINITIALIZED_AUTOS = YES_AGGRESSIVE;
				GCC_WARN_UNUSED_FUNCTION = YES;
				GCC_WARN_UNUSED_VARIABLE = YES;
				IPHONEOS_DEPLOYMENT_TARGET = 10.3;
				MTL_ENABLE_DEBUG_INFO = YES;
				ONLY_ACTIVE_ARCH = YES;
				SDKROOT = iphoneos;
				SWIFT_ACTIVE_COMPILATION_CONDITIONS = DEBUG;
				SWIFT_OPTIMIZATION_LEVEL = "-Onone";
			};
			name = Debug;
		};
		BAE1250C1F76A98200F8576D /* Release */ = {
			isa = XCBuildConfiguration;
			buildSettings = {
				ALWAYS_SEARCH_USER_PATHS = NO;
				CLANG_ANALYZER_NONNULL = YES;
				CLANG_ANALYZER_NUMBER_OBJECT_CONVERSION = YES_AGGRESSIVE;
				CLANG_CXX_LANGUAGE_STANDARD = "gnu++0x";
				CLANG_CXX_LIBRARY = "libc++";
				CLANG_ENABLE_MODULES = YES;
				CLANG_ENABLE_OBJC_ARC = YES;
				CLANG_WARN_BOOL_CONVERSION = YES;
				CLANG_WARN_CONSTANT_CONVERSION = YES;
				CLANG_WARN_DIRECT_OBJC_ISA_USAGE = YES_ERROR;
				CLANG_WARN_DOCUMENTATION_COMMENTS = YES;
				CLANG_WARN_EMPTY_BODY = YES;
				CLANG_WARN_ENUM_CONVERSION = YES;
				CLANG_WARN_INFINITE_RECURSION = YES;
				CLANG_WARN_INT_CONVERSION = YES;
				CLANG_WARN_OBJC_ROOT_CLASS = YES_ERROR;
				CLANG_WARN_SUSPICIOUS_MOVE = YES;
				CLANG_WARN_UNREACHABLE_CODE = YES;
				CLANG_WARN__DUPLICATE_METHOD_MATCH = YES;
				"CODE_SIGN_IDENTITY[sdk=iphoneos*]" = "iPhone Developer";
				COPY_PHASE_STRIP = NO;
				DEBUG_INFORMATION_FORMAT = "dwarf-with-dsym";
				ENABLE_NS_ASSERTIONS = NO;
				ENABLE_STRICT_OBJC_MSGSEND = YES;
				GCC_C_LANGUAGE_STANDARD = gnu99;
				GCC_NO_COMMON_BLOCKS = YES;
				GCC_WARN_64_TO_32_BIT_CONVERSION = YES;
				GCC_WARN_ABOUT_RETURN_TYPE = YES_ERROR;
				GCC_WARN_UNDECLARED_SELECTOR = YES;
				GCC_WARN_UNINITIALIZED_AUTOS = YES_AGGRESSIVE;
				GCC_WARN_UNUSED_FUNCTION = YES;
				GCC_WARN_UNUSED_VARIABLE = YES;
				IPHONEOS_DEPLOYMENT_TARGET = 10.3;
				MTL_ENABLE_DEBUG_INFO = NO;
				SDKROOT = iphoneos;
				SWIFT_OPTIMIZATION_LEVEL = "-Owholemodule";
				VALIDATE_PRODUCT = YES;
			};
			name = Release;
		};
		BAE1250E1F76A98200F8576D /* Debug */ = {
			isa = XCBuildConfiguration;
			buildSettings = {
				ASSETCATALOG_COMPILER_APPICON_NAME = AppIcon;
				DEVELOPMENT_TEAM = MU2969C5Z6;
				INFOPLIST_FILE = StackOverFLow/Info.plist;
				LD_RUNPATH_SEARCH_PATHS = "$(inherited) @executable_path/Frameworks";
				PRODUCT_BUNDLE_IDENTIFIER = com.istarindia.StackOverFLow;
				PRODUCT_NAME = "$(TARGET_NAME)";
				SWIFT_VERSION = 3.0;
			};
			name = Debug;
		};
		BAE1250F1F76A98200F8576D /* Release */ = {
			isa = XCBuildConfiguration;
			buildSettings = {
				ASSETCATALOG_COMPILER_APPICON_NAME = AppIcon;
				DEVELOPMENT_TEAM = MU2969C5Z6;
				INFOPLIST_FILE = StackOverFLow/Info.plist;
				LD_RUNPATH_SEARCH_PATHS = "$(inherited) @executable_path/Frameworks";
				PRODUCT_BUNDLE_IDENTIFIER = com.istarindia.StackOverFLow;
				PRODUCT_NAME = "$(TARGET_NAME)";
				SWIFT_VERSION = 3.0;
			};
			name = Release;
		};
/* End XCBuildConfiguration section */

/* Begin XCConfigurationList section */
		BAE124F61F76A98200F8576D /* Build configuration list for PBXProject "StackOverFLow" */ = {
			isa = XCConfigurationList;
			buildConfigurations = (
				BAE1250B1F76A98200F8576D /* Debug */,
				BAE1250C1F76A98200F8576D /* Release */,
			);
			defaultConfigurationIsVisible = 0;
			defaultConfigurationName = Release;
		};
		BAE1250D1F76A98200F8576D /* Build configuration list for PBXNativeTarget "StackOverFLow" */ = {
			isa = XCConfigurationList;
			buildConfigurations = (
				BAE1250E1F76A98200F8576D /* Debug */,
				BAE1250F1F76A98200F8576D /* Release */,
			);
			defaultConfigurationIsVisible = 0;
		};
/* End XCConfigurationList section */
	};
	rootObject = BAE124F31F76A98200F8576D /* Project object */;
}
